<?xml version="1.0" encoding="utf-8"?>
<Project ToolsVersion="4.0" xmlns="http://schemas.microsoft.com/developer/msbuild/2003">
  <ItemGroup>
    <ClCompile Include="date.cpp">
      <Filter>Файлы исходного кода</Filter>
    </ClCompile>
    <ClCompile Include="main.cpp">
      <Filter>Файлы исходного кода</Filter>
    </ClCompile>
    <ClCompile Include="variant_1.cpp">
      <Filter>Файлы исходного кода\variant</Filter>
    </ClCompile>
    <ClCompile Include="variant_2.cpp">
      <Filter>Файлы исходного кода\variant</Filter>
    </ClCompile>
    <ClCompile Include="variant_3.cpp">
      <Filter>Файлы исходного кода\variant</Filter>
    </ClCompile>
  </ItemGroup>
  <ItemGroup>
    <ClInclude Include="Abstract_database.h">
      <Filter>Заголовочные файлы</Filter>
    </ClInclude>
    <ClInclude Include="date.h">
      <Filter>Заголовочные файлы</Filter>
    </ClInclude>
    <ClInclude Include="search_struct_traits.h">
      <Filter>Заголовочные файлы</Filter>
    </ClInclude>
    <ClInclude Include="utility.h">
      <Filter>Заголовочные файлы</Filter>
    </ClInclude>
    <ClInclude Include="variant.h">
      <Filter>Заголовочные файлы</Filter>
    </ClInclude>
    <ClInclude Include="variant_1.h">
      <Filter>Заголовочные файлы\variant</Filter>
    </ClInclude>
    <ClInclude Include="variant_2.h">
      <Filter>Заголовочные файлы\variant</Filter>
    </ClInclude>
    <ClInclude Include="variant_3.h">
      <Filter>Заголовочные файлы\variant</Filter>
    </ClInclude>
  </ItemGroup>
  <ItemGroup>
    <Filter Include="Файлы исходного кода">
      <UniqueIdentifier>{3258590b-1537-4390-aafe-af02964430fd}</UniqueIdentifier>
    </Filter>
    <Filter Include="Заголовочные файлы">
      <UniqueIdentifier>{38f34bd4-575e-4bca-aa9c-ba5ad2652efb}</UniqueIdentifier>
    </Filter>
    <Filter Include="Заголовочные файлы\variant">
      <UniqueIdentifier>{debf5f0b-7506-4fc9-9bae-1c12b301d8f4}</UniqueIdentifier>
    </Filter>
    <Filter Include="Файлы исходного кода\variant">
      <UniqueIdentifier>{8694cddd-9354-4df0-b744-fe61a9eef43c}</UniqueIdentifier>
    </Filter>
  </ItemGroup>
</Project>